<?xml version="1.0" encoding="utf-8"?>
<Project ToolsVersion="4.0" xmlns="http://schemas.microsoft.com/developer/msbuild/2003">
  <ItemGroup>
    <Filter Include="Header Files">
      <UniqueIdentifier>{93995380-89BD-4b04-88EB-625FBE52EBFB}</UniqueIdentifier>
      <Extensions>h;hpp;hxx;hm;inl;inc;xsd</Extensions>
    </Filter>
    <Filter Include="Resource Files">
      <UniqueIdentifier>{67DA6AB6-F800-4c08-8B7A-83BB121AAD01}</UniqueIdentifier>
      <Extensions>rc;ico;cur;bmp;dlg;rc2;rct;bin;rgs;gif;jpg;jpeg;jpe;resx;tiff;tif;png;wav;mfcribbon-ms</Extensions>
    </Filter>
    <Filter Include="Resource Files\Source Files">
      <UniqueIdentifier>{4FC737F1-C7A5-4376-A066-2A32D752A2FF}</UniqueIdentifier>
      <Extensions>cpp;c;cc;cxx;def;odl;idl;hpj;bat;asm;asmx</Extensions>
    </Filter>
  </ItemGroup>
  <ItemGroup>
    <ClCompile Include="Code\Camera.cpp">
      <Filter>Resource Files\Source Files</Filter>
    </ClCompile>
    <ClCompile Include="Code\Connection.cpp">
      <Filter>Resource Files\Source Files</Filter>
    </ClCompile>
    <ClCompile Include="Code\Entity.cpp">
      <Filter>Resource Files\Source Files</Filter>
    </ClCompile>
    <ClCompile Include="Code\GameMain.cpp">
      <Filter>Resource Files\Source Files</Filter>
    </ClCompile>
    <ClCompile Include="Code\ReliableUDPReceiver.cpp">
      <Filter>Resource Files\Source Files</Filter>
    </ClCompile>
    <ClCompile Include="Code\User.cpp">
      <Filter>Resource Files\Source Files</Filter>
    </ClCompile>
    <ClCompile Include="Code\WIN32_Main.cpp">
      <Filter>Resource Files\Source Files</Filter>
    </ClCompile>
    <ClCompile Include="Code\RenderToMemoryBuffer.cpp">
      <Filter>Resource Files\Source Files</Filter>
    </ClCompile>
    <ClCompile Include="Code\FramePacket.cpp">
      <Filter>Resource Files\Source Files</Filter>
    </ClCompile>
    <ClCompile Include="Code\Chunk.cpp">
      <Filter>Resource Files\Source Files</Filter>
    </ClCompile>
    <ClCompile Include="Code\Cube.cpp">
      <Filter>Resource Files\Source Files</Filter>
    </ClCompile>
    <ClCompile Include="Code\NoiseGen.cpp">
      <Filter>Resource Files\Source Files</Filter>
    </ClCompile>
    <ClCompile Include="Code\JPEGCompressor.cpp">
      <Filter>Resource Files\Source Files</Filter>
    </ClCompile>
    <ClCompile Include="Code\NonCompressor.cpp">
      <Filter>Resource Files\Source Files</Filter>
    </ClCompile>
    <ClCompile Include="Code\TheoraCompressor.cpp">
      <Filter>Resource Files\Source Files</Filter>
    </ClCompile>
    <ClCompile Include="Code\StatisticsArray.cpp">
      <Filter>Resource Files\Source Files</Filter>
    </ClCompile>
    <ClCompile Include="Code\RLECompressor.cpp">
      <Filter>Resource Files\Source Files</Filter>
    </ClCompile>
    <ClCompile Include="Code\HuffmanCompressor.cpp">
      <Filter>Resource Files\Source Files</Filter>
    </ClCompile>
    <ClCompile Include="Code\PNGCompressor.cpp">
      <Filter>Resource Files\Source Files</Filter>
    </ClCompile>
  </ItemGroup>
  <ItemGroup>
    <ClInclude Include="Code\Camera.hpp">
      <Filter>Resource Files\Source Files</Filter>
    </ClInclude>
    <ClInclude Include="Code\Connection.hpp">
      <Filter>Resource Files\Source Files</Filter>
    </ClInclude>
    <ClInclude Include="Code\CS6Packet.hpp">
      <Filter>Resource Files\Source Files</Filter>
    </ClInclude>
    <ClInclude Include="Code\Data.hpp">
      <Filter>Resource Files\Source Files</Filter>
    </ClInclude>
    <ClInclude Include="Code\Entity.hpp">
      <Filter>Resource Files\Source Files</Filter>
    </ClInclude>
    <ClInclude Include="Code\GameMain.hpp">
      <Filter>Resource Files\Source Files</Filter>
    </ClInclude>
    <ClInclude Include="Code\ReliableUDPReceiver.hpp">
      <Filter>Resource Files\Source Files</Filter>
    </ClInclude>
    <ClInclude Include="Code\User.hpp">
      <Filter>Resource Files\Source Files</Filter>
    </ClInclude>
    <ClInclude Include="Code\RenderToMemoryBuffer.hpp">
      <Filter>Resource Files\Source Files</Filter>
    </ClInclude>
    <ClInclude Include="Code\FramePacket.hpp">
      <Filter>Resource Files\Source Files</Filter>
    </ClInclude>
    <ClInclude Include="Code\ConnectionInitializationServer.hpp">
      <Filter>Resource Files\Source Files</Filter>
    </ClInclude>
    <ClInclude Include="Code\BlockIdentifier.hpp">
      <Filter>Resource Files\Source Files</Filter>
    </ClInclude>
    <ClInclude Include="Code\Chunk.hpp">
      <Filter>Resource Files\Source Files</Filter>
    </ClInclude>
    <ClInclude Include="Code\Cube.hpp">
      <Filter>Resource Files\Source Files</Filter>
    </ClInclude>
    <ClInclude Include="Code\NoiseGen.h">
      <Filter>Resource Files\Source Files</Filter>
    </ClInclude>
    <ClInclude Include="Code\CompressionInterface.hpp">
      <Filter>Resource Files\Source Files</Filter>
    </ClInclude>
    <ClInclude Include="Code\JPEGCompressor.hpp">
      <Filter>Resource Files\Source Files</Filter>
    </ClInclude>
    <ClInclude Include="Code\NonCompressor.hpp">
      <Filter>Resource Files\Source Files</Filter>
    </ClInclude>
    <ClInclude Include="Code\TheoraCompressor.hpp">
      <Filter>Resource Files\Source Files</Filter>
    </ClInclude>
    <ClInclude Include="Code\StatisticsNode.hpp">
      <Filter>Resource Files\Source Files</Filter>
    </ClInclude>
    <ClInclude Include="Code\StatisticsArray.hpp">
      <Filter>Resource Files\Source Files</Filter>
    </ClInclude>
    <ClInclude Include="Code\RLECompressor.hpp">
      <Filter>Resource Files\Source Files</Filter>
    </ClInclude>
    <ClInclude Include="Code\HuffmanCompressor.hpp">
      <Filter>Resource Files\Source Files</Filter>
    </ClInclude>
    <ClInclude Include="Code\PNGCompressor.hpp">
      <Filter>Resource Files\Source Files</Filter>
    </ClInclude>
  </ItemGroup>
  <ItemGroup>
    <None Include="Code\Javascript\WebsocketConnection.js">
      <Filter>Resource Files\Source Files</Filter>
    </None>
  </ItemGroup>
</Project>